
Microsoft Visual Studio Solution File, Format Version 12.00
# Visual Studio Version 16
VisualStudioVersion = 16.0.31702.278
MinimumVisualStudioVersion = 10.0.40219.1
Project("{FAE04EC0-301F-11D3-BF4B-00C04F79EFBC}") = "MovieMania", "MovieMania\MovieMania.csproj", "{5A75C291-4646-4219-97BA-BDB7B7B02546}"
EndProject
Project("{FAE04EC0-301F-11D3-BF4B-00C04F79EFBC}") = "MovieMania.Tests", "MovieMania.Tests\MovieMania.Tests.csproj", "{BCF9793A-A489-4D71-89CC-202DDE4CFBB7}"
EndProject
Global
	GlobalSection(SolutionConfigurationPlatforms) = preSolution
		Debug|Any CPU = Debug|Any CPU
		Release|Any CPU = Release|Any CPU
	EndGlobalSection
	GlobalSection(ProjectConfigurationPlatforms) = postSolution
		{5A75C291-4646-4219-97BA-BDB7B7B02546}.Debug|Any CPU.ActiveCfg = Debug|Any CPU
		{5A75C291-4646-4219-97BA-BDB7B7B02546}.Debug|Any CPU.Build.0 = Debug|Any CPU
		{5A75C291-4646-4219-97BA-BDB7B7B02546}.Release|Any CPU.ActiveCfg = Release|Any CPU
		{5A75C291-4646-4219-97BA-BDB7B7B02546}.Release|Any CPU.Build.0 = Release|Any CPU
		{BCF9793A-A489-4D71-89CC-202DDE4CFBB7}.Debug|Any CPU.ActiveCfg = Debug|Any CPU
		{BCF9793A-A489-4D71-89CC-202DDE4CFBB7}.Debug|Any CPU.Build.0 = Debug|Any CPU
		{BCF9793A-A489-4D71-89CC-202DDE4CFBB7}.Release|Any CPU.ActiveCfg = Release|Any CPU
		{BCF9793A-A489-4D71-89CC-202DDE4CFBB7}.Release|Any CPU.Build.0 = Release|Any CPU
	EndGlobalSection
	GlobalSection(SolutionProperties) = preSolution
		HideSolutionNode = FALSE
	EndGlobalSection
	GlobalSection(ExtensibilityGlobals) = postSolution
		SolutionGuid = {21393936-09BC-487E-ADB2-6365F716AA5B}
	EndGlobalSection
EndGlobal
